
Microsoft Visual Studio Solution File, Format Version 12.00
# Visual Studio Version 16
VisualStudioVersion = 16.0.30907.101
MinimumVisualStudioVersion = 10.0.40219.1
Project("{FAE04EC0-301F-11D3-BF4B-00C04F79EFBC}") = "TreasureHunt", "TreasureHunt\TreasureHunt.csproj", "{DBDBA3F5-EA74-4133-A521-39735F931CA3}"
EndProject
Global
	GlobalSection(SolutionConfigurationPlatforms) = preSolution
		Debug|Any CPU = Debug|Any CPU
		Release|Any CPU = Release|Any CPU
	EndGlobalSection
	GlobalSection(ProjectConfigurationPlatforms) = postSolution
		{DBDBA3F5-EA74-4133-A521-39735F931CA3}.Debug|Any CPU.ActiveCfg = Debug|Any CPU
		{DBDBA3F5-EA74-4133-A521-39735F931CA3}.Debug|Any CPU.Build.0 = Debug|Any CPU
		{DBDBA3F5-EA74-4133-A521-39735F931CA3}.Release|Any CPU.ActiveCfg = Release|Any CPU
		{DBDBA3F5-EA74-4133-A521-39735F931CA3}.Release|Any CPU.Build.0 = Release|Any CPU
	EndGlobalSection
	GlobalSection(SolutionProperties) = preSolution
		HideSolutionNode = FALSE
	EndGlobalSection
	GlobalSection(ExtensibilityGlobals) = postSolution
		SolutionGuid = {6809F6BA-19AE-4D0B-AA8F-471CAF1C18D3}
	EndGlobalSection
EndGlobal
