
Microsoft Visual Studio Solution File, Format Version 12.00
# Visual Studio Version 17
VisualStudioVersion = 17.6.33712.159
MinimumVisualStudioVersion = 10.0.40219.1
Project("{FAE04EC0-301F-11D3-BF4B-00C04F79EFBC}") = "Registration", "Registration\Registration.csproj", "{04350594-4D56-474E-AEB3-DEF9DB34DE1D}"
EndProject
Project("{FAE04EC0-301F-11D3-BF4B-00C04F79EFBC}") = "DestinationMapper", "DestinationMapper\DestinationMapper.csproj", "{5A120027-1D0E-4DA5-A142-8DD688F3B1C4}"
EndProject
Project("{FAE04EC0-301F-11D3-BF4B-00C04F79EFBC}") = "BakeryShop", "BakeryShop\BakeryShop.csproj", "{30D239F9-4ADA-45F4-9E21-0CA8F9A8AC3D}"
EndProject
Global
	GlobalSection(SolutionConfigurationPlatforms) = preSolution
		Debug|Any CPU = Debug|Any CPU
		Release|Any CPU = Release|Any CPU
	EndGlobalSection
	GlobalSection(ProjectConfigurationPlatforms) = postSolution
		{04350594-4D56-474E-AEB3-DEF9DB34DE1D}.Debug|Any CPU.ActiveCfg = Debug|Any CPU
		{04350594-4D56-474E-AEB3-DEF9DB34DE1D}.Debug|Any CPU.Build.0 = Debug|Any CPU
		{04350594-4D56-474E-AEB3-DEF9DB34DE1D}.Release|Any CPU.ActiveCfg = Release|Any CPU
		{04350594-4D56-474E-AEB3-DEF9DB34DE1D}.Release|Any CPU.Build.0 = Release|Any CPU
		{5A120027-1D0E-4DA5-A142-8DD688F3B1C4}.Debug|Any CPU.ActiveCfg = Debug|Any CPU
		{5A120027-1D0E-4DA5-A142-8DD688F3B1C4}.Debug|Any CPU.Build.0 = Debug|Any CPU
		{5A120027-1D0E-4DA5-A142-8DD688F3B1C4}.Release|Any CPU.ActiveCfg = Release|Any CPU
		{5A120027-1D0E-4DA5-A142-8DD688F3B1C4}.Release|Any CPU.Build.0 = Release|Any CPU
		{30D239F9-4ADA-45F4-9E21-0CA8F9A8AC3D}.Debug|Any CPU.ActiveCfg = Debug|Any CPU
		{30D239F9-4ADA-45F4-9E21-0CA8F9A8AC3D}.Debug|Any CPU.Build.0 = Debug|Any CPU
		{30D239F9-4ADA-45F4-9E21-0CA8F9A8AC3D}.Release|Any CPU.ActiveCfg = Release|Any CPU
		{30D239F9-4ADA-45F4-9E21-0CA8F9A8AC3D}.Release|Any CPU.Build.0 = Release|Any CPU
	EndGlobalSection
	GlobalSection(SolutionProperties) = preSolution
		HideSolutionNode = FALSE
	EndGlobalSection
	GlobalSection(ExtensibilityGlobals) = postSolution
		SolutionGuid = {65D59219-27F4-4EC1-8602-D6964EC8C4BF}
	EndGlobalSection
EndGlobal
