
Microsoft Visual Studio Solution File, Format Version 12.00
# Visual Studio 14
VisualStudioVersion = 14.0.25123.0
MinimumVisualStudioVersion = 10.0.40219.1
Project("{FAE04EC0-301F-11D3-BF4B-00C04F79EFBC}") = "01 Weekends between Two Dates", "01 Weekends between Two Dates\01 Weekends between Two Dates.csproj", "{20F9A54F-B919-4B3D-B864-C1E079A172B9}"
EndProject
Project("{FAE04EC0-301F-11D3-BF4B-00C04F79EFBC}") = "02 Double Palindromes", "02 Double Palindromes\02 Double Palindromes.csproj", "{8DFBC2E6-E2C4-463E-A750-2CDDE6F021CA}"
EndProject
Global
	GlobalSection(SolutionConfigurationPlatforms) = preSolution
		Debug|Any CPU = Debug|Any CPU
		Release|Any CPU = Release|Any CPU
	EndGlobalSection
	GlobalSection(ProjectConfigurationPlatforms) = postSolution
		{20F9A54F-B919-4B3D-B864-C1E079A172B9}.Debug|Any CPU.ActiveCfg = Debug|Any CPU
		{20F9A54F-B919-4B3D-B864-C1E079A172B9}.Debug|Any CPU.Build.0 = Debug|Any CPU
		{20F9A54F-B919-4B3D-B864-C1E079A172B9}.Release|Any CPU.ActiveCfg = Release|Any CPU
		{20F9A54F-B919-4B3D-B864-C1E079A172B9}.Release|Any CPU.Build.0 = Release|Any CPU
		{8DFBC2E6-E2C4-463E-A750-2CDDE6F021CA}.Debug|Any CPU.ActiveCfg = Debug|Any CPU
		{8DFBC2E6-E2C4-463E-A750-2CDDE6F021CA}.Debug|Any CPU.Build.0 = Debug|Any CPU
		{8DFBC2E6-E2C4-463E-A750-2CDDE6F021CA}.Release|Any CPU.ActiveCfg = Release|Any CPU
		{8DFBC2E6-E2C4-463E-A750-2CDDE6F021CA}.Release|Any CPU.Build.0 = Release|Any CPU
	EndGlobalSection
	GlobalSection(SolutionProperties) = preSolution
		HideSolutionNode = FALSE
	EndGlobalSection
EndGlobal
